// !$*UTF8*$!
{
	archiveVersion = 1;
	classes = {
	};
	objectVersion = 46;
	objects = {

/* Begin PBXBuildFile section */
		8177021D1BE203A900F5F921 /* AppDelegate.swift in Sources */ = {isa = PBXBuildFile; fileRef = 8177021C1BE203A900F5F921 /* AppDelegate.swift */; };
		8177021F1BE203A900F5F921 /* ViewController.swift in Sources */ = {isa = PBXBuildFile; fileRef = 8177021E1BE203A900F5F921 /* ViewController.swift */; };
		817702221BE203A900F5F921 /* Main.storyboard in Resources */ = {isa = PBXBuildFile; fileRef = 817702201BE203A900F5F921 /* Main.storyboard */; };
		817702241BE203A900F5F921 /* Assets.xcassets in Resources */ = {isa = PBXBuildFile; fileRef = 817702231BE203A900F5F921 /* Assets.xcassets */; };
		817702271BE203A900F5F921 /* LaunchScreen.storyboard in Resources */ = {isa = PBXBuildFile; fileRef = 817702251BE203A900F5F921 /* LaunchScreen.storyboard */; };
/* End PBXBuildFile section */

/* Begin PBXFileReference section */
		817702191BE203A900F5F921 /* DiveIntoSwift.app */ = {isa = PBXFileReference; explicitFileType = wrapper.application; includeInIndex = 0; path = DiveIntoSwift.app; sourceTree = BUILT_PRODUCTS_DIR; };
		8177021C1BE203A900F5F921 /* AppDelegate.swift */ = {isa = PBXFileReference; lastKnownFileType = sourcecode.swift; path = AppDelegate.swift; sourceTree = "<group>"; };
		8177021E1BE203A900F5F921 /* ViewController.swift */ = {isa = PBXFileReference; lastKnownFileType = sourcecode.swift; path = ViewController.swift; sourceTree = "<group>"; };
		817702211BE203A900F5F921 /* Base */ = {isa = PBXFileReference; lastKnownFileType = file.storyboard; name = Base; path = Base.lproj/Main.storyboard; sourceTree = "<group>"; };
		817702231BE203A900F5F921 /* Assets.xcassets */ = {isa = PBXFileReference; lastKnownFileType = folder.assetcatalog; path = Assets.xcassets; sourceTree = "<group>"; };
		817702261BE203A900F5F921 /* Base */ = {isa = PBXFileReference; lastKnownFileType = file.storyboard; name = Base; path = Base.lproj/LaunchScreen.storyboard; sourceTree = "<group>"; };
		817702281BE203A900F5F921 /* Info.plist */ = {isa = PBXFileReference; lastKnownFileType = text.plist.xml; path = Info.plist; sourceTree = "<group>"; };
/* End PBXFileReference section */

/* Begin PBXFrameworksBuildPhase section */
		817702161BE203A900F5F921 /* Frameworks */ = {
			isa = PBXFrameworksBuildPhase;
			buildActionMask = 2147483647;
			files = (
			);
			runOnlyForDeploymentPostprocessing = 0;
		};
/* End PBXFrameworksBuildPhase section */

/* Begin PBXGroup section */
		817702101BE203A900F5F921 = {
			isa = PBXGroup;
			children = (
				8177021B1BE203A900F5F921 /* DiveIntoSwift */,
				8177021A1BE203A900F5F921 /* Products */,
			);
			sourceTree = "<group>";
		};
		8177021A1BE203A900F5F921 /* Products */ = {
			isa = PBXGroup;
			children = (
				817702191BE203A900F5F921 /* DiveIntoSwift.app */,
			);
			name = Products;
			sourceTree = "<group>";
		};
		8177021B1BE203A900F5F921 /* DiveIntoSwift */ = {
			isa = PBXGroup;
			children = (
				8177021C1BE203A900F5F921 /* AppDelegate.swift */,
				8177021E1BE203A900F5F921 /* ViewController.swift */,
				817702201BE203A900F5F921 /* Main.storyboard */,
				817702231BE203A900F5F921 /* Assets.xcassets */,
				817702251BE203A900F5F921 /* LaunchScreen.storyboard */,
				817702281BE203A900F5F921 /* Info.plist */,
			);
			path = DiveIntoSwift;
			sourceTree = "<group>";
		};
/* End PBXGroup section */

/* Begin PBXNativeTarget section */
		817702181BE203A900F5F921 /* DiveIntoSwift */ = {
			isa = PBXNativeTarget;
			buildConfigurationList = 8177022B1BE203A900F5F921 /* Build configuration list for PBXNativeTarget "DiveIntoSwift" */;
			buildPhases = (
				817702151BE203A900F5F921 /* Sources */,
				817702161BE203A900F5F921 /* Frameworks */,
				817702171BE203A900F5F921 /* Resources */,
			);
			buildRules = (
			);
			dependencies = (
			);
			name = DiveIntoSwift;
			productName = DiveIntoSwift;
			productReference = 817702191BE203A900F5F921 /* DiveIntoSwift.app */;
			productType = "com.apple.product-type.application";
		};
/* End PBXNativeTarget section */

/* Begin PBXProject section */
		817702111BE203A900F5F921 /* Project object */ = {
			isa = PBXProject;
			attributes = {
				LastSwiftUpdateCheck = 0710;
				LastUpgradeCheck = 0710;
				ORGANIZATIONNAME = Axilis;
				TargetAttributes = {
					817702181BE203A900F5F921 = {
						CreatedOnToolsVersion = 7.1;
					};
				};
			};
			buildConfigurationList = 817702141BE203A900F5F921 /* Build configuration list for PBXProject "DiveIntoSwift" */;
			compatibilityVersion = "Xcode 3.2";
			developmentRegion = English;
			hasScannedForEncodings = 0;
			knownRegions = (
				en,
				Base,
			);
			mainGroup = 817702101BE203A900F5F921;
			productRefGroup = 8177021A1BE203A900F5F921 /* Products */;
			projectDirPath = "";
			projectRoot = "";
			targets = (
				817702181BE203A900F5F921 /* DiveIntoSwift */,
			);
		};
/* End PBXProject section */

/* Begin PBXResourcesBuildPhase section */
		817702171BE203A900F5F921 /* Resources */ = {
			isa = PBXResourcesBuildPhase;
			buildActionMask = 2147483647;
			files = (
				817702271BE203A900F5F921 /* LaunchScreen.storyboard in Resources */,
				817702241BE203A900F5F921 /* Assets.xcassets in Resources */,
				817702221BE203A900F5F921 /* Main.storyboard in Resources */,
			);
			runOnlyForDeploymentPostprocessing = 0;
		};
/* End PBXResourcesBuildPhase section */

/* Begin PBXSourcesBuildPhase section */
		817702151BE203A900F5F921 /* Sources */ = {
			isa = PBXSourcesBuildPhase;
			buildActionMask = 2147483647;
			files = (
				8177021F1BE203A900F5F921 /* ViewController.swift in Sources */,
				8177021D1BE203A900F5F921 /* AppDelegate.swift in Sources */,
			);
			runOnlyForDeploymentPostprocessing = 0;
		};
/* End PBXSourcesBuildPhase section */

/* Begin PBXVariantGroup section */
		817702201BE203A900F5F921 /* Main.storyboard */ = {
			isa = PBXVariantGroup;
			children = (
				817702211BE203A900F5F921 /* Base */,
			);
			name = Main.storyboard;
			sourceTree = "<group>";
		};
		817702251BE203A900F5F921 /* LaunchScreen.storyboard */ = {
			isa = PBXVariantGroup;
			children = (
				817702261BE203A900F5F921 /* Base */,
			);
			name = LaunchScreen.storyboard;
			sourceTree = "<group>";
		};
/* End PBXVariantGroup section */

/* Begin XCBuildConfiguration section */
		817702291BE203A900F5F921 /* Debug */ = {
			isa = XCBuildConfiguration;
			buildSettings = {
				ALWAYS_SEARCH_USER_PATHS = NO;
				CLANG_CXX_LANGUAGE_STANDARD = "gnu++0x";
				CLANG_CXX_LIBRARY = "libc++";
				CLANG_ENABLE_MODULES = YES;
				CLANG_ENABLE_OBJC_ARC = YES;
				CLANG_WARN_BOOL_CONVERSION = YES;
				CLANG_WARN_CONSTANT_CONVERSION = YES;
				CLANG_WARN_DIRECT_OBJC_ISA_USAGE = YES_ERROR;
				CLANG_WARN_EMPTY_BODY = YES;
				CLANG_WARN_ENUM_CONVERSION = YES;
				CLANG_WARN_INT_CONVERSION = YES;
				CLANG_WARN_OBJC_ROOT_CLASS = YES_ERROR;
				CLANG_WARN_UNREACHABLE_CODE = YES;
				CLANG_WARN__DUPLICATE_METHOD_MATCH = YES;
				"CODE_SIGN_IDENTITY[sdk=iphoneos*]" = "iPhone Developer";
				COPY_PHASE_STRIP = NO;
				DEBUG_INFORMATION_FORMAT = dwarf;
				ENABLE_STRICT_OBJC_MSGSEND = YES;
				ENABLE_TESTABILITY = YES;
				GCC_C_LANGUAGE_STANDARD = gnu99;
				GCC_DYNAMIC_NO_PIC = NO;
				GCC_NO_COMMON_BLOCKS = YES;
				GCC_OPTIMIZATION_LEVEL = 0;
				GCC_PREPROCESSOR_DEFINITIONS = (
					"DEBUG=1",
					"$(inherited)",
				);
				GCC_WARN_64_TO_32_BIT_CONVERSION = YES;
				GCC_WARN_ABOUT_RETURN_TYPE = YES_ERROR;
				GCC_WARN_UNDECLARED_SELECTOR = YES;
				GCC_WARN_UNINITIALIZED_AUTOS = YES_AGGRESSIVE;
				GCC_WARN_UNUSED_FUNCTION = YES;
				GCC_WARN_UNUSED_VARIABLE = YES;
				IPHONEOS_DEPLOYMENT_TARGET = 9.1;
				MTL_ENABLE_DEBUG_INFO = YES;
				ONLY_ACTIVE_ARCH = YES;
				SDKROOT = iphoneos;
				SWIFT_OPTIMIZATION_LEVEL = "-Onone";
			};
			name = Debug;
		};
		8177022A1BE203A900F5F921 /* Release */ = {
			isa = XCBuildConfiguration;
			buildSettings = {
				ALWAYS_SEARCH_USER_PATHS = NO;
				CLANG_CXX_LANGUAGE_STANDARD = "gnu++0x";
				CLANG_CXX_LIBRARY = "libc++";
				CLANG_ENABLE_MODULES = YES;
				CLANG_ENABLE_OBJC_ARC = YES;
				CLANG_WARN_BOOL_CONVERSION = YES;
				CLANG_WARN_CONSTANT_CONVERSION = YES;
				CLANG_WARN_DIRECT_OBJC_ISA_USAGE = YES_ERROR;
				CLANG_WARN_EMPTY_BODY = YES;
				CLANG_WARN_ENUM_CONVERSION = YES;
				CLANG_WARN_INT_CONVERSION = YES;
				CLANG_WARN_OBJC_ROOT_CLASS = YES_ERROR;
				CLANG_WARN_UNREACHABLE_CODE = YES;
				CLANG_WARN__DUPLICATE_METHOD_MATCH = YES;
				"CODE_SIGN_IDENTITY[sdk=iphoneos*]" = "iPhone Developer";
				COPY_PHASE_STRIP = NO;
				DEBUG_INFORMATION_FORMAT = "dwarf-with-dsym";
				ENABLE_NS_ASSERTIONS = NO;
				ENABLE_STRICT_OBJC_MSGSEND = YES;
				GCC_C_LANGUAGE_STANDARD = gnu99;
				GCC_NO_COMMON_BLOCKS = YES;
				GCC_WARN_64_TO_32_BIT_CONVERSION = YES;
				GCC_WARN_ABOUT_RETURN_TYPE = YES_ERROR;
				GCC_WARN_UNDECLARED_SELECTOR = YES;
				GCC_WARN_UNINITIALIZED_AUTOS = YES_AGGRESSIVE;
				GCC_WARN_UNUSED_FUNCTION = YES;
				GCC_WARN_UNUSED_VARIABLE = YES;
				IPHONEOS_DEPLOYMENT_TARGET = 9.1;
				MTL_ENABLE_DEBUG_INFO = NO;
				SDKROOT = iphoneos;
				VALIDATE_PRODUCT = YES;
			};
			name = Release;
		};
		8177022C1BE203A900F5F921 /* Debug */ = {
			isa = XCBuildConfiguration;
			buildSettings = {
				ASSETCATALOG_COMPILER_APPICON_NAME = AppIcon;
				INFOPLIST_FILE = DiveIntoSwift/Info.plist;
				LD_RUNPATH_SEARCH_PATHS = "$(inherited) @executable_path/Frameworks";
				PRODUCT_BUNDLE_IDENTIFIER = axilis.DiveIntoSwift;
				PRODUCT_NAME = "$(TARGET_NAME)";
			};
			name = Debug;
		};
		8177022D1BE203A900F5F921 /* Release */ = {
			isa = XCBuildConfiguration;
			buildSettings = {
				ASSETCATALOG_COMPILER_APPICON_NAME = AppIcon;
				INFOPLIST_FILE = DiveIntoSwift/Info.plist;
				LD_RUNPATH_SEARCH_PATHS = "$(inherited) @executable_path/Frameworks";
				PRODUCT_BUNDLE_IDENTIFIER = axilis.DiveIntoSwift;
				PRODUCT_NAME = "$(TARGET_NAME)";
			};
			name = Release;
		};
/* End XCBuildConfiguration section */

/* Begin XCConfigurationList section */
		817702141BE203A900F5F921 /* Build configuration list for PBXProject "DiveIntoSwift" */ = {
			isa = XCConfigurationList;
			buildConfigurations = (
				817702291BE203A900F5F921 /* Debug */,
				8177022A1BE203A900F5F921 /* Release */,
			);
			defaultConfigurationIsVisible = 0;
			defaultConfigurationName = Release;
		};
		8177022B1BE203A900F5F921 /* Build configuration list for PBXNativeTarget "DiveIntoSwift" */ = {
			isa = XCConfigurationList;
			buildConfigurations = (
				8177022C1BE203A900F5F921 /* Debug */,
				8177022D1BE203A900F5F921 /* Release */,
			);
			defaultConfigurationIsVisible = 0;
		};
/* End XCConfigurationList section */
	};
	rootObject = 817702111BE203A900F5F921 /* Project object */;
}
